# THIS IS AN AUTOGENERATED FILE. DO NOT EDIT THIS FILE DIRECTLY.
# yarn lockfile v1


"electrum-client@git+https://github.com/coreyphillips/node-electrum-client.git":
  version "0.0.6"
  resolved "git+https://github.com/coreyphillips/node-electrum-client.git#cfef375345f119f5d4a2594de757341881f5d647"

"electrum-host-parse@git+https://github.com/coreyphillips/node-electrum-host-parse.git":
  version "0.1.1"
  resolved "git+https://github.com/coreyphillips/node-electrum-host-parse.git#195cf39e212f44ed65e182aecfc8ba9b679650b4"
